
Microsoft Visual Studio Solution File, Format Version 12.00
# Visual Studio Version 17
VisualStudioVersion = 17.0.32112.339
MinimumVisualStudioVersion = 10.0.40219.1
Project("{FAE04EC0-301F-11D3-BF4B-00C04F79EFBC}") = "Monster_Vetters", "Monster_Vetters.csproj", "{6850BC3B-F0AF-4127-B723-2445C1B8E15D}"
EndProject
Global
	GlobalSection(SolutionConfigurationPlatforms) = preSolution
		Debug|Any CPU = Debug|Any CPU
		Release|Any CPU = Release|Any CPU
	EndGlobalSection
	GlobalSection(ProjectConfigurationPlatforms) = postSolution
		{6850BC3B-F0AF-4127-B723-2445C1B8E15D}.Debug|Any CPU.ActiveCfg = Debug|Any CPU
		{6850BC3B-F0AF-4127-B723-2445C1B8E15D}.Debug|Any CPU.Build.0 = Debug|Any CPU
		{6850BC3B-F0AF-4127-B723-2445C1B8E15D}.Release|Any CPU.ActiveCfg = Release|Any CPU
		{6850BC3B-F0AF-4127-B723-2445C1B8E15D}.Release|Any CPU.Build.0 = Release|Any CPU
	EndGlobalSection
	GlobalSection(SolutionProperties) = preSolution
		HideSolutionNode = FALSE
	EndGlobalSection
	GlobalSection(ExtensibilityGlobals) = postSolution
		SolutionGuid = {8A43225A-A196-46FB-90FF-45D314841B44}
	EndGlobalSection
EndGlobal
